
Microsoft Visual Studio Solution File, Format Version 12.00
# Visual Studio 15
VisualStudioVersion = 15.0.28307.136
MinimumVisualStudioVersion = 10.0.40219.1
Project("{9A19103F-16F7-4668-BE54-9A1E7A4F7556}") = "ProductManagement", "ProductManagement\ProductManagement.csproj", "{64A4072B-B1A1-4A15-924F-D3DD5CDC623F}"
EndProject
Project("{9A19103F-16F7-4668-BE54-9A1E7A4F7556}") = "Infrastructure", "Infrastructure\Infrastructure.csproj", "{9B5F9EC8-D5BA-4D43-B0E7-F7A9DAE54A9A}"
EndProject
Project("{9A19103F-16F7-4668-BE54-9A1E7A4F7556}") = "Repository", "Repository\Repository.csproj", "{6A518CD2-DF30-4725-8E98-03F3B520195F}"
EndProject
Project("{9A19103F-16F7-4668-BE54-9A1E7A4F7556}") = "App", "App\App.csproj", "{7AA35FD7-CD07-4047-AD60-64D628639D8C}"
EndProject
Project("{9A19103F-16F7-4668-BE54-9A1E7A4F7556}") = "ProductWebApi", "ProductWebApi\ProductWebApi.csproj", "{5CE32059-A8EE-41EE-B24D-970052E833B7}"
EndProject
Project("{FAE04EC0-301F-11D3-BF4B-00C04F79EFBC}") = "H_Blog", "H_Blog\H_Blog.csproj", "{C955F1EB-5EF8-4359-8978-AB51E2AC50A5}"
EndProject
Global
	GlobalSection(SolutionConfigurationPlatforms) = preSolution
		Debug|Any CPU = Debug|Any CPU
		Release|Any CPU = Release|Any CPU
	EndGlobalSection
	GlobalSection(ProjectConfigurationPlatforms) = postSolution
		{64A4072B-B1A1-4A15-924F-D3DD5CDC623F}.Debug|Any CPU.ActiveCfg = Debug|Any CPU
		{64A4072B-B1A1-4A15-924F-D3DD5CDC623F}.Debug|Any CPU.Build.0 = Debug|Any CPU
		{64A4072B-B1A1-4A15-924F-D3DD5CDC623F}.Release|Any CPU.ActiveCfg = Release|Any CPU
		{64A4072B-B1A1-4A15-924F-D3DD5CDC623F}.Release|Any CPU.Build.0 = Release|Any CPU
		{9B5F9EC8-D5BA-4D43-B0E7-F7A9DAE54A9A}.Debug|Any CPU.ActiveCfg = Debug|Any CPU
		{9B5F9EC8-D5BA-4D43-B0E7-F7A9DAE54A9A}.Debug|Any CPU.Build.0 = Debug|Any CPU
		{9B5F9EC8-D5BA-4D43-B0E7-F7A9DAE54A9A}.Release|Any CPU.ActiveCfg = Release|Any CPU
		{9B5F9EC8-D5BA-4D43-B0E7-F7A9DAE54A9A}.Release|Any CPU.Build.0 = Release|Any CPU
		{6A518CD2-DF30-4725-8E98-03F3B520195F}.Debug|Any CPU.ActiveCfg = Debug|Any CPU
		{6A518CD2-DF30-4725-8E98-03F3B520195F}.Debug|Any CPU.Build.0 = Debug|Any CPU
		{6A518CD2-DF30-4725-8E98-03F3B520195F}.Release|Any CPU.ActiveCfg = Release|Any CPU
		{6A518CD2-DF30-4725-8E98-03F3B520195F}.Release|Any CPU.Build.0 = Release|Any CPU
		{7AA35FD7-CD07-4047-AD60-64D628639D8C}.Debug|Any CPU.ActiveCfg = Debug|Any CPU
		{7AA35FD7-CD07-4047-AD60-64D628639D8C}.Debug|Any CPU.Build.0 = Debug|Any CPU
		{7AA35FD7-CD07-4047-AD60-64D628639D8C}.Release|Any CPU.ActiveCfg = Release|Any CPU
		{7AA35FD7-CD07-4047-AD60-64D628639D8C}.Release|Any CPU.Build.0 = Release|Any CPU
		{5CE32059-A8EE-41EE-B24D-970052E833B7}.Debug|Any CPU.ActiveCfg = Debug|Any CPU
		{5CE32059-A8EE-41EE-B24D-970052E833B7}.Debug|Any CPU.Build.0 = Debug|Any CPU
		{5CE32059-A8EE-41EE-B24D-970052E833B7}.Release|Any CPU.ActiveCfg = Release|Any CPU
		{5CE32059-A8EE-41EE-B24D-970052E833B7}.Release|Any CPU.Build.0 = Release|Any CPU
		{C955F1EB-5EF8-4359-8978-AB51E2AC50A5}.Debug|Any CPU.ActiveCfg = Debug|Any CPU
		{C955F1EB-5EF8-4359-8978-AB51E2AC50A5}.Debug|Any CPU.Build.0 = Debug|Any CPU
		{C955F1EB-5EF8-4359-8978-AB51E2AC50A5}.Release|Any CPU.ActiveCfg = Release|Any CPU
		{C955F1EB-5EF8-4359-8978-AB51E2AC50A5}.Release|Any CPU.Build.0 = Release|Any CPU
	EndGlobalSection
	GlobalSection(SolutionProperties) = preSolution
		HideSolutionNode = FALSE
	EndGlobalSection
	GlobalSection(ExtensibilityGlobals) = postSolution
		SolutionGuid = {50AFFF40-25CB-4307-9E26-9E7EB58EEDD5}
	EndGlobalSection
EndGlobal
